{
  "requires": true,
  "lockfileVersion": 1,
  "dependencies": {
    "@babel/parser": {
      "version": "7.14.4",
      "resolved": "https://registry.npmjs.org/@babel/parser/-/parser-7.14.4.tgz",
      "integrity": "sha512-ArliyUsWDUqEGfWcmzpGUzNfLxTdTp6WU4IuP6QFSp9gGfWS6boxFCkJSJ/L4+RG8z/FnIU3WxCk6hPL9SSWeA=="
    }
  }
}
